// !$*UTF8*$!
{
	archiveVersion = 1;
	classes = {
	};
	objectVersion = 77;
	objects = {

/* Begin PBXBuildFile section */
		263AF6E32DB8E1BC00650B19 /* LanguagesTests.swift in Sources */ = {isa = PBXBuildFile; fileRef = 263AF6DE2DB8E1BC00650B19 /* LanguagesTests.swift */; };
		263AF6E42DB8E1BC00650B19 /* SearchTests.swift in Sources */ = {isa = PBXBuildFile; fileRef = 263AF6E02DB8E1BC00650B19 /* SearchTests.swift */; };
		263AF6E52DB8E1BC00650B19 /* Languages.swift in Sources */ = {isa = PBXBuildFile; fileRef = 263AF6D92DB8E1BC00650B19 /* Languages.swift */; };
		263AF6E62DB8E1BC00650B19 /* Search.swift in Sources */ = {isa = PBXBuildFile; fileRef = 263AF6DB2DB8E1BC00650B19 /* Search.swift */; };
		263AF6E72DB8E1BC00650B19 /* Package.swift in Sources */ = {isa = PBXBuildFile; fileRef = 263AF6D72DB8E1BC00650B19 /* Package.swift */; };
		263AF6E82DB8E1BC00650B19 /* README.md in Resources */ = {isa = PBXBuildFile; fileRef = 263AF6D82DB8E1BC00650B19 /* README.md */; };
		267023332DB8A5D0004FCC4C /* Languages in Frameworks */ = {isa = PBXBuildFile; productRef = 267023322DB8A5D0004FCC4C /* Languages */; };
		267023352DB8A5D0004FCC4C /* Search in Frameworks */ = {isa = PBXBuildFile; productRef = 267023342DB8A5D0004FCC4C /* Search */; };
		26E6AA982DB8743100F6DD50 /* Languages in Frameworks */ = {isa = PBXBuildFile; productRef = 26E6AA972DB8743100F6DD50 /* Languages */; };
		26E6AA9A2DB8743100F6DD50 /* Search in Frameworks */ = {isa = PBXBuildFile; productRef = 26E6AA992DB8743100F6DD50 /* Search */; };
		26E6AAAB2DB876F600F6DD50 /* Languages in Frameworks */ = {isa = PBXBuildFile; productRef = 26E6AAAA2DB876F600F6DD50 /* Languages */; };
		26E6AAAD2DB876F600F6DD50 /* Search in Frameworks */ = {isa = PBXBuildFile; productRef = 26E6AAAC2DB876F600F6DD50 /* Search */; };
/* End PBXBuildFile section */

/* Begin PBXFileReference section */
		263AF6D72DB8E1BC00650B19 /* Package.swift */ = {isa = PBXFileReference; lastKnownFileType = sourcecode.swift; path = Package.swift; sourceTree = "<group>"; };
		263AF6D82DB8E1BC00650B19 /* README.md */ = {isa = PBXFileReference; lastKnownFileType = net.daringfireball.markdown; path = README.md; sourceTree = "<group>"; };
		263AF6D92DB8E1BC00650B19 /* Languages.swift */ = {isa = PBXFileReference; lastKnownFileType = sourcecode.swift; path = Languages.swift; sourceTree = "<group>"; };
		263AF6DB2DB8E1BC00650B19 /* Search.swift */ = {isa = PBXFileReference; lastKnownFileType = sourcecode.swift; path = Search.swift; sourceTree = "<group>"; };
		263AF6DE2DB8E1BC00650B19 /* LanguagesTests.swift */ = {isa = PBXFileReference; lastKnownFileType = sourcecode.swift; path = LanguagesTests.swift; sourceTree = "<group>"; };
		263AF6E02DB8E1BC00650B19 /* SearchTests.swift */ = {isa = PBXFileReference; lastKnownFileType = sourcecode.swift; path = SearchTests.swift; sourceTree = "<group>"; };
		26E6AAA22DB876BF00F6DD50 /* ProjectWrapper.app */ = {isa = PBXFileReference; explicitFileType = wrapper.application; includeInIndex = 0; name = ProjectWrapper.app; path = "/Users/okanokota/MyPackage/build/Debug-iphoneos/ProjectWrapper.app"; sourceTree = "<absolute>"; };
/* End PBXFileReference section */

/* Begin PBXFileSystemSynchronizedRootGroup section */
		26189CBC2DB2172300812890 /* ProjectWrapper */ = {
			isa = PBXFileSystemSynchronizedRootGroup;
			path = ProjectWrapper;
			sourceTree = "<group>";
		};
/* End PBXFileSystemSynchronizedRootGroup section */

/* Begin PBXFrameworksBuildPhase section */
		26189CB72DB2172300812890 /* Frameworks */ = {
			isa = PBXFrameworksBuildPhase;
			buildActionMask = 2147483647;
			files = (
				26E6AAAD2DB876F600F6DD50 /* Search in Frameworks */,
				26E6AAAB2DB876F600F6DD50 /* Languages in Frameworks */,
				267023352DB8A5D0004FCC4C /* Search in Frameworks */,
				26E6AA9A2DB8743100F6DD50 /* Search in Frameworks */,
				267023332DB8A5D0004FCC4C /* Languages in Frameworks */,
				26E6AA982DB8743100F6DD50 /* Languages in Frameworks */,
			);
			runOnlyForDeploymentPostprocessing = 0;
		};
/* End PBXFrameworksBuildPhase section */

/* Begin PBXGroup section */
		26189CB12DB2172300812890 = {
			isa = PBXGroup;
			children = (
				26189CBC2DB2172300812890 /* ProjectWrapper */,
				263AF6D72DB8E1BC00650B19 /* Package.swift */,
				263AF6D82DB8E1BC00650B19 /* README.md */,
				263AF6DD2DB8E1BC00650B19 /* Sources */,
				263AF6E22DB8E1BC00650B19 /* Tests */,
			);
			sourceTree = "<group>";
		};
		263AF6DA2DB8E1BC00650B19 /* Languages */ = {
			isa = PBXGroup;
			children = (
				263AF6D92DB8E1BC00650B19 /* Languages.swift */,
			);
			path = Languages;
			sourceTree = "<group>";
		};
		263AF6DC2DB8E1BC00650B19 /* Search */ = {
			isa = PBXGroup;
			children = (
				263AF6DB2DB8E1BC00650B19 /* Search.swift */,
			);
			path = Search;
			sourceTree = "<group>";
		};
		263AF6DD2DB8E1BC00650B19 /* Sources */ = {
			isa = PBXGroup;
			children = (
				263AF6DA2DB8E1BC00650B19 /* Languages */,
				263AF6DC2DB8E1BC00650B19 /* Search */,
			);
			path = Sources;
			sourceTree = "<group>";
		};
		263AF6DF2DB8E1BC00650B19 /* LanguagesTests */ = {
			isa = PBXGroup;
			children = (
				263AF6DE2DB8E1BC00650B19 /* LanguagesTests.swift */,
			);
			path = LanguagesTests;
			sourceTree = "<group>";
		};
		263AF6E12DB8E1BC00650B19 /* SearchTests */ = {
			isa = PBXGroup;
			children = (
				263AF6E02DB8E1BC00650B19 /* SearchTests.swift */,
			);
			path = SearchTests;
			sourceTree = "<group>";
		};
		263AF6E22DB8E1BC00650B19 /* Tests */ = {
			isa = PBXGroup;
			children = (
				263AF6DF2DB8E1BC00650B19 /* LanguagesTests */,
				263AF6E12DB8E1BC00650B19 /* SearchTests */,
			);
			path = Tests;
			sourceTree = "<group>";
		};
/* End PBXGroup section */

/* Begin PBXNativeTarget section */
		26189CB92DB2172300812890 /* ProjectWrapper */ = {
			isa = PBXNativeTarget;
			buildConfigurationList = 26189CC52DB2172400812890 /* Build configuration list for PBXNativeTarget "ProjectWrapper" */;
			buildPhases = (
				26189CB62DB2172300812890 /* Sources */,
				26189CB72DB2172300812890 /* Frameworks */,
				26189CB82DB2172300812890 /* Resources */,
			);
			buildRules = (
			);
			dependencies = (
			);
			fileSystemSynchronizedGroups = (
				26189CBC2DB2172300812890 /* ProjectWrapper */,
			);
			name = ProjectWrapper;
			packageProductDependencies = (
				26E6AA972DB8743100F6DD50 /* Languages */,
				26E6AA992DB8743100F6DD50 /* Search */,
				26E6AAAA2DB876F600F6DD50 /* Languages */,
				26E6AAAC2DB876F600F6DD50 /* Search */,
				267023322DB8A5D0004FCC4C /* Languages */,
				267023342DB8A5D0004FCC4C /* Search */,
			);
			productName = ProjectWrapper;
			productReference = 26E6AAA22DB876BF00F6DD50 /* ProjectWrapper.app */;
			productType = "com.apple.product-type.application";
		};
/* End PBXNativeTarget section */

/* Begin PBXProject section */
		26189CB22DB2172300812890 /* Project object */ = {
			isa = PBXProject;
			attributes = {
				BuildIndependentTargetsInParallel = 1;
				LastSwiftUpdateCheck = 1630;
				LastUpgradeCheck = 1630;
				TargetAttributes = {
					26189CB92DB2172300812890 = {
						CreatedOnToolsVersion = 16.3;
					};
				};
			};
			buildConfigurationList = 26189CB52DB2172300812890 /* Build configuration list for PBXProject "ProjectWrapper" */;
			developmentRegion = en;
			hasScannedForEncodings = 0;
			knownRegions = (
				en,
				Base,
			);
			mainGroup = 26189CB12DB2172300812890;
			minimizedProjectReferenceProxies = 1;
			packageReferences = (
			);
			preferredProjectObjectVersion = 77;
			productRefGroup = 26189CB12DB2172300812890;
			projectDirPath = "";
			projectRoot = "";
			targets = (
				26189CB92DB2172300812890 /* ProjectWrapper */,
			);
		};
/* End PBXProject section */

/* Begin PBXResourcesBuildPhase section */
		26189CB82DB2172300812890 /* Resources */ = {
			isa = PBXResourcesBuildPhase;
			buildActionMask = 2147483647;
			files = (
				263AF6E82DB8E1BC00650B19 /* README.md in Resources */,
			);
			runOnlyForDeploymentPostprocessing = 0;
		};
/* End PBXResourcesBuildPhase section */

/* Begin PBXSourcesBuildPhase section */
		26189CB62DB2172300812890 /* Sources */ = {
			isa = PBXSourcesBuildPhase;
			buildActionMask = 2147483647;
			files = (
				263AF6E32DB8E1BC00650B19 /* LanguagesTests.swift in Sources */,
				263AF6E42DB8E1BC00650B19 /* SearchTests.swift in Sources */,
				263AF6E52DB8E1BC00650B19 /* Languages.swift in Sources */,
				263AF6E62DB8E1BC00650B19 /* Search.swift in Sources */,
				263AF6E72DB8E1BC00650B19 /* Package.swift in Sources */,
			);
			runOnlyForDeploymentPostprocessing = 0;
		};
/* End PBXSourcesBuildPhase section */

/* Begin XCBuildConfiguration section */
		26189CC32DB2172400812890 /* Debug */ = {
			isa = XCBuildConfiguration;
			buildSettings = {
				ALWAYS_SEARCH_USER_PATHS = NO;
				ASSETCATALOG_COMPILER_GENERATE_SWIFT_ASSET_SYMBOL_EXTENSIONS = YES;
				CLANG_ANALYZER_NONNULL = YES;
				CLANG_ANALYZER_NUMBER_OBJECT_CONVERSION = YES_AGGRESSIVE;
				CLANG_CXX_LANGUAGE_STANDARD = "gnu++20";
				CLANG_ENABLE_MODULES = YES;
				CLANG_ENABLE_OBJC_ARC = YES;
				CLANG_ENABLE_OBJC_WEAK = YES;
				CLANG_WARN_BLOCK_CAPTURE_AUTORELEASING = YES;
				CLANG_WARN_BOOL_CONVERSION = YES;
				CLANG_WARN_COMMA = YES;
				CLANG_WARN_CONSTANT_CONVERSION = YES;
				CLANG_WARN_DEPRECATED_OBJC_IMPLEMENTATIONS = YES;
				CLANG_WARN_DIRECT_OBJC_ISA_USAGE = YES_ERROR;
				CLANG_WARN_DOCUMENTATION_COMMENTS = YES;
				CLANG_WARN_EMPTY_BODY = YES;
				CLANG_WARN_ENUM_CONVERSION = YES;
				CLANG_WARN_INFINITE_RECURSION = YES;
				CLANG_WARN_INT_CONVERSION = YES;
				CLANG_WARN_NON_LITERAL_NULL_CONVERSION = YES;
				CLANG_WARN_OBJC_IMPLICIT_RETAIN_SELF = YES;
				CLANG_WARN_OBJC_LITERAL_CONVERSION = YES;
				CLANG_WARN_OBJC_ROOT_CLASS = YES_ERROR;
				CLANG_WARN_QUOTED_INCLUDE_IN_FRAMEWORK_HEADER = YES;
				CLANG_WARN_RANGE_LOOP_ANALYSIS = YES;
				CLANG_WARN_STRICT_PROTOTYPES = YES;
				CLANG_WARN_SUSPICIOUS_MOVE = YES;
				CLANG_WARN_UNGUARDED_AVAILABILITY = YES_AGGRESSIVE;
				CLANG_WARN_UNREACHABLE_CODE = YES;
				CLANG_WARN__DUPLICATE_METHOD_MATCH = YES;
				COPY_PHASE_STRIP = NO;
				DEBUG_INFORMATION_FORMAT = dwarf;
				DEVELOPMENT_TEAM = 9N5WPU3C4S;
				ENABLE_STRICT_OBJC_MSGSEND = YES;
				ENABLE_TESTABILITY = YES;
				ENABLE_USER_SCRIPT_SANDBOXING = YES;
				GCC_C_LANGUAGE_STANDARD = gnu17;
				GCC_DYNAMIC_NO_PIC = NO;
				GCC_NO_COMMON_BLOCKS = YES;
				GCC_OPTIMIZATION_LEVEL = 0;
				GCC_PREPROCESSOR_DEFINITIONS = (
					"DEBUG=1",
					"$(inherited)",
				);
				GCC_WARN_64_TO_32_BIT_CONVERSION = YES;
				GCC_WARN_ABOUT_RETURN_TYPE = YES_ERROR;
				GCC_WARN_UNDECLARED_SELECTOR = YES;
				GCC_WARN_UNINITIALIZED_AUTOS = YES_AGGRESSIVE;
				GCC_WARN_UNUSED_FUNCTION = YES;
				GCC_WARN_UNUSED_VARIABLE = YES;
				IPHONEOS_DEPLOYMENT_TARGET = 18.4;
				LOCALIZATION_PREFERS_STRING_CATALOGS = YES;
				MTL_ENABLE_DEBUG_INFO = INCLUDE_SOURCE;
				MTL_FAST_MATH = YES;
				ONLY_ACTIVE_ARCH = YES;
				SDKROOT = iphoneos;
				SWIFT_ACTIVE_COMPILATION_CONDITIONS = "DEBUG $(inherited)";
				SWIFT_OPTIMIZATION_LEVEL = "-Onone";
			};
			name = Debug;
		};
		26189CC42DB2172400812890 /* Release */ = {
			isa = XCBuildConfiguration;
			buildSettings = {
				ALWAYS_SEARCH_USER_PATHS = NO;
				ASSETCATALOG_COMPILER_GENERATE_SWIFT_ASSET_SYMBOL_EXTENSIONS = YES;
				CLANG_ANALYZER_NONNULL = YES;
				CLANG_ANALYZER_NUMBER_OBJECT_CONVERSION = YES_AGGRESSIVE;
				CLANG_CXX_LANGUAGE_STANDARD = "gnu++20";
				CLANG_ENABLE_MODULES = YES;
				CLANG_ENABLE_OBJC_ARC = YES;
				CLANG_ENABLE_OBJC_WEAK = YES;
				CLANG_WARN_BLOCK_CAPTURE_AUTORELEASING = YES;
				CLANG_WARN_BOOL_CONVERSION = YES;
				CLANG_WARN_COMMA = YES;
				CLANG_WARN_CONSTANT_CONVERSION = YES;
				CLANG_WARN_DEPRECATED_OBJC_IMPLEMENTATIONS = YES;
				CLANG_WARN_DIRECT_OBJC_ISA_USAGE = YES_ERROR;
				CLANG_WARN_DOCUMENTATION_COMMENTS = YES;
				CLANG_WARN_EMPTY_BODY = YES;
				CLANG_WARN_ENUM_CONVERSION = YES;
				CLANG_WARN_INFINITE_RECURSION = YES;
				CLANG_WARN_INT_CONVERSION = YES;
				CLANG_WARN_NON_LITERAL_NULL_CONVERSION = YES;
				CLANG_WARN_OBJC_IMPLICIT_RETAIN_SELF = YES;
				CLANG_WARN_OBJC_LITERAL_CONVERSION = YES;
				CLANG_WARN_OBJC_ROOT_CLASS = YES_ERROR;
				CLANG_WARN_QUOTED_INCLUDE_IN_FRAMEWORK_HEADER = YES;
				CLANG_WARN_RANGE_LOOP_ANALYSIS = YES;
				CLANG_WARN_STRICT_PROTOTYPES = YES;
				CLANG_WARN_SUSPICIOUS_MOVE = YES;
				CLANG_WARN_UNGUARDED_AVAILABILITY = YES_AGGRESSIVE;
				CLANG_WARN_UNREACHABLE_CODE = YES;
				CLANG_WARN__DUPLICATE_METHOD_MATCH = YES;
				COPY_PHASE_STRIP = NO;
				DEBUG_INFORMATION_FORMAT = "dwarf-with-dsym";
				DEVELOPMENT_TEAM = 9N5WPU3C4S;
				ENABLE_NS_ASSERTIONS = NO;
				ENABLE_STRICT_OBJC_MSGSEND = YES;
				ENABLE_USER_SCRIPT_SANDBOXING = YES;
				GCC_C_LANGUAGE_STANDARD = gnu17;
				GCC_NO_COMMON_BLOCKS = YES;
				GCC_WARN_64_TO_32_BIT_CONVERSION = YES;
				GCC_WARN_ABOUT_RETURN_TYPE = YES_ERROR;
				GCC_WARN_UNDECLARED_SELECTOR = YES;
				GCC_WARN_UNINITIALIZED_AUTOS = YES_AGGRESSIVE;
				GCC_WARN_UNUSED_FUNCTION = YES;
				GCC_WARN_UNUSED_VARIABLE = YES;
				IPHONEOS_DEPLOYMENT_TARGET = 18.4;
				LOCALIZATION_PREFERS_STRING_CATALOGS = YES;
				MTL_ENABLE_DEBUG_INFO = NO;
				MTL_FAST_MATH = YES;
				SDKROOT = iphoneos;
				SWIFT_COMPILATION_MODE = wholemodule;
				VALIDATE_PRODUCT = YES;
			};
			name = Release;
		};
		26189CC62DB2172400812890 /* Debug */ = {
			isa = XCBuildConfiguration;
			buildSettings = {
				ASSETCATALOG_COMPILER_APPICON_NAME = AppIcon;
				ASSETCATALOG_COMPILER_GLOBAL_ACCENT_COLOR_NAME = AccentColor;
				CODE_SIGN_STYLE = Automatic;
				CURRENT_PROJECT_VERSION = 1;
				DEVELOPMENT_TEAM = 9N5WPU3C4S;
				ENABLE_PREVIEWS = YES;
				GENERATE_INFOPLIST_FILE = YES;
				INFOPLIST_KEY_UIApplicationSceneManifest_Generation = YES;
				INFOPLIST_KEY_UIApplicationSupportsIndirectInputEvents = YES;
				INFOPLIST_KEY_UILaunchScreen_Generation = YES;
				INFOPLIST_KEY_UISupportedInterfaceOrientations_iPad = "UIInterfaceOrientationPortrait UIInterfaceOrientationPortraitUpsideDown UIInterfaceOrientationLandscapeLeft UIInterfaceOrientationLandscapeRight";
				INFOPLIST_KEY_UISupportedInterfaceOrientations_iPhone = "UIInterfaceOrientationPortrait UIInterfaceOrientationLandscapeLeft UIInterfaceOrientationLandscapeRight";
				LD_RUNPATH_SEARCH_PATHS = (
					"$(inherited)",
					"@executable_path/Frameworks",
				);
				MARKETING_VERSION = 1.0;
				PRODUCT_BUNDLE_IDENTIFIER = eramon.ProjectWrapper;
				PRODUCT_NAME = "$(TARGET_NAME)";
				SWIFT_EMIT_LOC_STRINGS = YES;
				SWIFT_VERSION = 5.0;
				TARGETED_DEVICE_FAMILY = "1,2";
			};
			name = Debug;
		};
		26189CC72DB2172400812890 /* Release */ = {
			isa = XCBuildConfiguration;
			buildSettings = {
				ASSETCATALOG_COMPILER_APPICON_NAME = AppIcon;
				ASSETCATALOG_COMPILER_GLOBAL_ACCENT_COLOR_NAME = AccentColor;
				CODE_SIGN_STYLE = Automatic;
				CURRENT_PROJECT_VERSION = 1;
				DEVELOPMENT_TEAM = 9N5WPU3C4S;
				ENABLE_PREVIEWS = YES;
				GENERATE_INFOPLIST_FILE = YES;
				INFOPLIST_KEY_UIApplicationSceneManifest_Generation = YES;
				INFOPLIST_KEY_UIApplicationSupportsIndirectInputEvents = YES;
				INFOPLIST_KEY_UILaunchScreen_Generation = YES;
				INFOPLIST_KEY_UISupportedInterfaceOrientations_iPad = "UIInterfaceOrientationPortrait UIInterfaceOrientationPortraitUpsideDown UIInterfaceOrientationLandscapeLeft UIInterfaceOrientationLandscapeRight";
				INFOPLIST_KEY_UISupportedInterfaceOrientations_iPhone = "UIInterfaceOrientationPortrait UIInterfaceOrientationLandscapeLeft UIInterfaceOrientationLandscapeRight";
				LD_RUNPATH_SEARCH_PATHS = (
					"$(inherited)",
					"@executable_path/Frameworks",
				);
				MARKETING_VERSION = 1.0;
				PRODUCT_BUNDLE_IDENTIFIER = eramon.ProjectWrapper;
				PRODUCT_NAME = "$(TARGET_NAME)";
				SWIFT_EMIT_LOC_STRINGS = YES;
				SWIFT_VERSION = 5.0;
				TARGETED_DEVICE_FAMILY = "1,2";
			};
			name = Release;
		};
/* End XCBuildConfiguration section */

/* Begin XCConfigurationList section */
		26189CB52DB2172300812890 /* Build configuration list for PBXProject "ProjectWrapper" */ = {
			isa = XCConfigurationList;
			buildConfigurations = (
				26189CC32DB2172400812890 /* Debug */,
				26189CC42DB2172400812890 /* Release */,
			);
			defaultConfigurationIsVisible = 0;
			defaultConfigurationName = Release;
		};
		26189CC52DB2172400812890 /* Build configuration list for PBXNativeTarget "ProjectWrapper" */ = {
			isa = XCConfigurationList;
			buildConfigurations = (
				26189CC62DB2172400812890 /* Debug */,
				26189CC72DB2172400812890 /* Release */,
			);
			defaultConfigurationIsVisible = 0;
			defaultConfigurationName = Release;
		};
/* End XCConfigurationList section */

/* Begin XCSwiftPackageProductDependency section */
		267023322DB8A5D0004FCC4C /* Languages */ = {
			isa = XCSwiftPackageProductDependency;
			productName = Languages;
		};
		267023342DB8A5D0004FCC4C /* Search */ = {
			isa = XCSwiftPackageProductDependency;
			productName = Search;
		};
		26E6AA972DB8743100F6DD50 /* Languages */ = {
			isa = XCSwiftPackageProductDependency;
			productName = Languages;
		};
		26E6AA992DB8743100F6DD50 /* Search */ = {
			isa = XCSwiftPackageProductDependency;
			productName = Search;
		};
		26E6AAAA2DB876F600F6DD50 /* Languages */ = {
			isa = XCSwiftPackageProductDependency;
			productName = Languages;
		};
		26E6AAAC2DB876F600F6DD50 /* Search */ = {
			isa = XCSwiftPackageProductDependency;
			productName = Search;
		};
/* End XCSwiftPackageProductDependency section */
	};
	rootObject = 26189CB22DB2172300812890 /* Project object */;
}
